
Microsoft Visual Studio Solution File, Format Version 10.00
# Visual Studio 2008
Project("{FAE04EC0-301F-11D3-BF4B-00C04F79EFBC}") = "EyeTrackerTester", "EyeTrackerTester\EyeTrackerTester.csproj", "{78414B4A-D404-400C-A562-4030A4F6FF4B}"
EndProject
Global
	GlobalSection(SolutionConfigurationPlatforms) = preSolution
		Debug|Any CPU = Debug|Any CPU
		Release|Any CPU = Release|Any CPU
	EndGlobalSection
	GlobalSection(ProjectConfigurationPlatforms) = postSolution
		{78414B4A-D404-400C-A562-4030A4F6FF4B}.Debug|Any CPU.ActiveCfg = Debug|Any CPU
		{78414B4A-D404-400C-A562-4030A4F6FF4B}.Debug|Any CPU.Build.0 = Debug|Any CPU
		{78414B4A-D404-400C-A562-4030A4F6FF4B}.Release|Any CPU.ActiveCfg = Release|Any CPU
		{78414B4A-D404-400C-A562-4030A4F6FF4B}.Release|Any CPU.Build.0 = Release|Any CPU
	EndGlobalSection
	GlobalSection(SolutionProperties) = preSolution
		HideSolutionNode = FALSE
	EndGlobalSection
EndGlobal
